
Microsoft Visual Studio Solution File, Format Version 12.00
# Visual Studio Version 17
VisualStudioVersion = 17.0.31903.59
MinimumVisualStudioVersion = 10.0.40219.1
Project("{2150E333-8FDC-42A3-9474-1A3956D46DE8}") = "Services", "Services", "{DAD047E3-D5C5-4BD6-9ED1-BADE5367437F}"
EndProject
Project("{2150E333-8FDC-42A3-9474-1A3956D46DE8}") = "ProductService", "ProductService", "{6A925452-E8C6-4212-B4A6-602E621A3952}"
EndProject
Project("{FAE04EC0-301F-11D3-BF4B-00C04F79EFBC}") = "ProductService.API", "Services\ProductService\ProductService.API\ProductService.API.csproj", "{E1D28EB2-6343-4FD3-BB18-26FEAFE295F0}"
EndProject
Project("{FAE04EC0-301F-11D3-BF4B-00C04F79EFBC}") = "ProductService.Application", "Services\ProductService\ProductService.Application\ProductService.Application.csproj", "{368C4D09-9038-4CA8-939C-1325385123F4}"
EndProject
Project("{FAE04EC0-301F-11D3-BF4B-00C04F79EFBC}") = "ProductService.Domain", "Services\ProductService\ProductService.Domain\ProductService.Domain.csproj", "{4E2D24D0-C32A-4C6A-A8EB-7411AE129162}"
EndProject
Project("{FAE04EC0-301F-11D3-BF4B-00C04F79EFBC}") = "ProductService.Infrastructure", "Services\ProductService\ProductService.Infrastructure\ProductService.Infrastructure.csproj", "{8C7D47F8-E8F4-4C64-B443-4E4B50E1AE77}"
EndProject
Project("{2150E333-8FDC-42A3-9474-1A3956D46DE8}") = "OrderService", "OrderService", "{259A0A2C-51BB-4A7A-B24F-8A72491E2E1D}"
EndProject
Project("{FAE04EC0-301F-11D3-BF4B-00C04F79EFBC}") = "OrderService.API", "Services\OrderService\OrderService.API\OrderService.API.csproj", "{E014000F-445F-42F2-A8F0-E6D2A51835EE}"
EndProject
Project("{FAE04EC0-301F-11D3-BF4B-00C04F79EFBC}") = "OrderService.Application", "Services\OrderService\OrderService.Application\OrderService.Application.csproj", "{B06587E2-2EAB-454E-A0BE-596CDF528FB7}"
EndProject
Project("{FAE04EC0-301F-11D3-BF4B-00C04F79EFBC}") = "OrderService.Domain", "Services\OrderService\OrderService.Domain\OrderService.Domain.csproj", "{7F0D4075-BC2F-41E3-B3FE-890F30A180AF}"
EndProject
Project("{FAE04EC0-301F-11D3-BF4B-00C04F79EFBC}") = "OrderService.Infrastructure", "Services\OrderService\OrderService.Infrastructure\OrderService.Infrastructure.csproj", "{C1665CE9-1C82-4A5C-B31E-DE35DDCE8052}"
EndProject
Project("{2150E333-8FDC-42A3-9474-1A3956D46DE8}") = "IdentityService", "IdentityService", "{48ACF4FB-63FA-4556-B60C-66EDAFBEA0CC}"
EndProject
Project("{FAE04EC0-301F-11D3-BF4B-00C04F79EFBC}") = "IdentityService.API", "Services\IdentityService\IdentityService.API\IdentityService.API.csproj", "{617E12E4-117A-4601-BD39-76A7BAF32263}"
EndProject
Project("{FAE04EC0-301F-11D3-BF4B-00C04F79EFBC}") = "IdentityService.Application", "Services\IdentityService\IdentityService.Application\IdentityService.Application.csproj", "{D16AC0BC-7397-42A6-9E22-17A3D5A6A188}"
EndProject
Project("{FAE04EC0-301F-11D3-BF4B-00C04F79EFBC}") = "IdentityService.Domain", "Services\IdentityService\IdentityService.Domain\IdentityService.Domain.csproj", "{5C61F11C-4DA9-4160-BBED-0A04A418F87D}"
EndProject
Project("{FAE04EC0-301F-11D3-BF4B-00C04F79EFBC}") = "IdentityService.Infrastructure", "Services\IdentityService\IdentityService.Infrastructure\IdentityService.Infrastructure.csproj", "{033AAD18-8062-43DC-8450-9D8C30975DC5}"
EndProject
Project("{2150E333-8FDC-42A3-9474-1A3956D46DE8}") = "GrpcServices", "GrpcServices", "{4E3AD50F-EEEA-4D14-BF39-D02BABCDF659}"
EndProject
Project("{2150E333-8FDC-42A3-9474-1A3956D46DE8}") = "InventoryService", "InventoryService", "{43F717E6-0856-4202-8A96-448F0659B449}"
EndProject
Project("{FAE04EC0-301F-11D3-BF4B-00C04F79EFBC}") = "InventoryService.Application", "GrpcServices\InventoryService\InventoryService.Application\InventoryService.Application.csproj", "{33398A31-AE21-4409-BD06-53246287FF7F}"
EndProject
Project("{FAE04EC0-301F-11D3-BF4B-00C04F79EFBC}") = "InventoryService.Domain", "GrpcServices\InventoryService\InventoryService.Domain\InventoryService.Domain.csproj", "{98C1FA4C-445D-4F9C-B73D-3D6BAD454BF4}"
EndProject
Project("{FAE04EC0-301F-11D3-BF4B-00C04F79EFBC}") = "InventoryService.Infrastructure", "GrpcServices\InventoryService\InventoryService.Infrastructure\InventoryService.Infrastructure.csproj", "{CE2C2D28-0895-42EB-86B5-C56234BA1D0C}"
EndProject
Project("{2150E333-8FDC-42A3-9474-1A3956D46DE8}") = "PaymentService", "PaymentService", "{62429586-C2DE-4A3C-8474-B0A45E192172}"
EndProject
Project("{FAE04EC0-301F-11D3-BF4B-00C04F79EFBC}") = "PaymentService.API", "GrpcServices\PaymentService\PaymentService.API\PaymentService.API.csproj", "{6DE41626-28C5-4317-A931-2D3522E47DB3}"
EndProject
Project("{FAE04EC0-301F-11D3-BF4B-00C04F79EFBC}") = "PaymentService.Application", "GrpcServices\PaymentService\PaymentService.Application\PaymentService.Application.csproj", "{86495E1E-2BD6-4D54-88AF-7F9224A771DE}"
EndProject
Project("{FAE04EC0-301F-11D3-BF4B-00C04F79EFBC}") = "PaymentService.Domain", "GrpcServices\PaymentService\PaymentService.Domain\PaymentService.Domain.csproj", "{31A6BA19-CCD3-4690-A828-12BAA262F84C}"
EndProject
Project("{FAE04EC0-301F-11D3-BF4B-00C04F79EFBC}") = "PaymentService.Infrastructure", "GrpcServices\PaymentService\PaymentService.Infrastructure\PaymentService.Infrastructure.csproj", "{6FCA4D4C-2976-498E-976E-68F6D1F9D947}"
EndProject
Project("{2150E333-8FDC-42A3-9474-1A3956D46DE8}") = "ShoppingCartService", "ShoppingCartService", "{1ED24E2B-3147-4F59-9AFB-7DE36CCBD8B6}"
EndProject
Project("{FAE04EC0-301F-11D3-BF4B-00C04F79EFBC}") = "ShoppingCartService.API", "Services\ShoppingCartService\ShoppingCartService.API\ShoppingCartService.API.csproj", "{5689DEDD-A95D-46B3-B091-4B74BD4D22F7}"
EndProject
Project("{FAE04EC0-301F-11D3-BF4B-00C04F79EFBC}") = "ShoppingCartService.Application", "Services\ShoppingCartService\ShoppingCartService.Application\ShoppingCartService.Application.csproj", "{44B74FA9-DB09-41FC-AEA5-33BFBF15A563}"
EndProject
Project("{FAE04EC0-301F-11D3-BF4B-00C04F79EFBC}") = "ShoppingCartService.Domain", "Services\ShoppingCartService\ShoppingCartService.Domain\ShoppingCartService.Domain.csproj", "{68D1A2BB-4B62-40F4-8FCC-25131DD534E7}"
EndProject
Project("{FAE04EC0-301F-11D3-BF4B-00C04F79EFBC}") = "ShoppingCartService.Infrastructure", "Services\ShoppingCartService\ShoppingCartService.Infrastructure\ShoppingCartService.Infrastructure.csproj", "{132D624E-7087-41CF-8F36-EB648AE22D9B}"
EndProject
Project("{2150E333-8FDC-42A3-9474-1A3956D46DE8}") = "FBMktService", "FBMktService", "{EDF2A6F4-06D0-43C5-B355-FAEBE4486695}"
EndProject
Project("{FAE04EC0-301F-11D3-BF4B-00C04F79EFBC}") = "FBMktService.API", "GrpcServices\FBMktService\FBMktService.API\FBMktService.API.csproj", "{99D112CE-C4B0-47A9-AA45-D04A45622AB6}"
EndProject
Project("{FAE04EC0-301F-11D3-BF4B-00C04F79EFBC}") = "FBMktService.Application", "GrpcServices\FBMktService\FBMktService.Application\FBMktService.Application.csproj", "{07812876-24A8-47BD-8D2C-086B248E06A3}"
EndProject
Project("{FAE04EC0-301F-11D3-BF4B-00C04F79EFBC}") = "FBMktService.Domain", "GrpcServices\FBMktService\FBMktService.Domain\FBMktService.Domain.csproj", "{21B3BCC4-690F-4562-82FD-17DEDED0C4F8}"
EndProject
Project("{FAE04EC0-301F-11D3-BF4B-00C04F79EFBC}") = "FBMktService.Infrastructure", "GrpcServices\FBMktService\FBMktService.Infrastructure\FBMktService.Infrastructure.csproj", "{3E396761-2C97-4D37-B6FE-B71D5E1D6969}"
EndProject
Project("{2150E333-8FDC-42A3-9474-1A3956D46DE8}") = "API-Gateway", "API-Gateway", "{5BEC0EF9-35D9-4DC3-BAF9-69CF96F1DB32}"
EndProject
Project("{FAE04EC0-301F-11D3-BF4B-00C04F79EFBC}") = "APIGateway", "API-Gateway\APIGateway\APIGateway.csproj", "{5DF3DC03-A3F3-4F07-842C-40D9485C8C68}"
EndProject
Project("{FAE04EC0-301F-11D3-BF4B-00C04F79EFBC}") = "InventoryService.API", "GrpcServices\InventoryService\InventoryService.API\InventoryService.API.csproj", "{5446788E-2029-4EEF-B11C-D0DB47DDD0EE}"
EndProject
Global
	GlobalSection(SolutionConfigurationPlatforms) = preSolution
		Debug|Any CPU = Debug|Any CPU
		Release|Any CPU = Release|Any CPU
	EndGlobalSection
	GlobalSection(ProjectConfigurationPlatforms) = postSolution
		{E1D28EB2-6343-4FD3-BB18-26FEAFE295F0}.Debug|Any CPU.ActiveCfg = Debug|Any CPU
		{E1D28EB2-6343-4FD3-BB18-26FEAFE295F0}.Debug|Any CPU.Build.0 = Debug|Any CPU
		{E1D28EB2-6343-4FD3-BB18-26FEAFE295F0}.Release|Any CPU.ActiveCfg = Release|Any CPU
		{E1D28EB2-6343-4FD3-BB18-26FEAFE295F0}.Release|Any CPU.Build.0 = Release|Any CPU
		{368C4D09-9038-4CA8-939C-1325385123F4}.Debug|Any CPU.ActiveCfg = Debug|Any CPU
		{368C4D09-9038-4CA8-939C-1325385123F4}.Debug|Any CPU.Build.0 = Debug|Any CPU
		{368C4D09-9038-4CA8-939C-1325385123F4}.Release|Any CPU.ActiveCfg = Release|Any CPU
		{368C4D09-9038-4CA8-939C-1325385123F4}.Release|Any CPU.Build.0 = Release|Any CPU
		{4E2D24D0-C32A-4C6A-A8EB-7411AE129162}.Debug|Any CPU.ActiveCfg = Debug|Any CPU
		{4E2D24D0-C32A-4C6A-A8EB-7411AE129162}.Debug|Any CPU.Build.0 = Debug|Any CPU
		{4E2D24D0-C32A-4C6A-A8EB-7411AE129162}.Release|Any CPU.ActiveCfg = Release|Any CPU
		{4E2D24D0-C32A-4C6A-A8EB-7411AE129162}.Release|Any CPU.Build.0 = Release|Any CPU
		{8C7D47F8-E8F4-4C64-B443-4E4B50E1AE77}.Debug|Any CPU.ActiveCfg = Debug|Any CPU
		{8C7D47F8-E8F4-4C64-B443-4E4B50E1AE77}.Debug|Any CPU.Build.0 = Debug|Any CPU
		{8C7D47F8-E8F4-4C64-B443-4E4B50E1AE77}.Release|Any CPU.ActiveCfg = Release|Any CPU
		{8C7D47F8-E8F4-4C64-B443-4E4B50E1AE77}.Release|Any CPU.Build.0 = Release|Any CPU
		{E014000F-445F-42F2-A8F0-E6D2A51835EE}.Debug|Any CPU.ActiveCfg = Debug|Any CPU
		{E014000F-445F-42F2-A8F0-E6D2A51835EE}.Debug|Any CPU.Build.0 = Debug|Any CPU
		{E014000F-445F-42F2-A8F0-E6D2A51835EE}.Release|Any CPU.ActiveCfg = Release|Any CPU
		{E014000F-445F-42F2-A8F0-E6D2A51835EE}.Release|Any CPU.Build.0 = Release|Any CPU
		{B06587E2-2EAB-454E-A0BE-596CDF528FB7}.Debug|Any CPU.ActiveCfg = Debug|Any CPU
		{B06587E2-2EAB-454E-A0BE-596CDF528FB7}.Debug|Any CPU.Build.0 = Debug|Any CPU
		{B06587E2-2EAB-454E-A0BE-596CDF528FB7}.Release|Any CPU.ActiveCfg = Release|Any CPU
		{B06587E2-2EAB-454E-A0BE-596CDF528FB7}.Release|Any CPU.Build.0 = Release|Any CPU
		{7F0D4075-BC2F-41E3-B3FE-890F30A180AF}.Debug|Any CPU.ActiveCfg = Debug|Any CPU
		{7F0D4075-BC2F-41E3-B3FE-890F30A180AF}.Debug|Any CPU.Build.0 = Debug|Any CPU
		{7F0D4075-BC2F-41E3-B3FE-890F30A180AF}.Release|Any CPU.ActiveCfg = Release|Any CPU
		{7F0D4075-BC2F-41E3-B3FE-890F30A180AF}.Release|Any CPU.Build.0 = Release|Any CPU
		{C1665CE9-1C82-4A5C-B31E-DE35DDCE8052}.Debug|Any CPU.ActiveCfg = Debug|Any CPU
		{C1665CE9-1C82-4A5C-B31E-DE35DDCE8052}.Debug|Any CPU.Build.0 = Debug|Any CPU
		{C1665CE9-1C82-4A5C-B31E-DE35DDCE8052}.Release|Any CPU.ActiveCfg = Release|Any CPU
		{C1665CE9-1C82-4A5C-B31E-DE35DDCE8052}.Release|Any CPU.Build.0 = Release|Any CPU
		{617E12E4-117A-4601-BD39-76A7BAF32263}.Debug|Any CPU.ActiveCfg = Debug|Any CPU
		{617E12E4-117A-4601-BD39-76A7BAF32263}.Debug|Any CPU.Build.0 = Debug|Any CPU
		{617E12E4-117A-4601-BD39-76A7BAF32263}.Release|Any CPU.ActiveCfg = Release|Any CPU
		{617E12E4-117A-4601-BD39-76A7BAF32263}.Release|Any CPU.Build.0 = Release|Any CPU
		{D16AC0BC-7397-42A6-9E22-17A3D5A6A188}.Debug|Any CPU.ActiveCfg = Debug|Any CPU
		{D16AC0BC-7397-42A6-9E22-17A3D5A6A188}.Debug|Any CPU.Build.0 = Debug|Any CPU
		{D16AC0BC-7397-42A6-9E22-17A3D5A6A188}.Release|Any CPU.ActiveCfg = Release|Any CPU
		{D16AC0BC-7397-42A6-9E22-17A3D5A6A188}.Release|Any CPU.Build.0 = Release|Any CPU
		{5C61F11C-4DA9-4160-BBED-0A04A418F87D}.Debug|Any CPU.ActiveCfg = Debug|Any CPU
		{5C61F11C-4DA9-4160-BBED-0A04A418F87D}.Debug|Any CPU.Build.0 = Debug|Any CPU
		{5C61F11C-4DA9-4160-BBED-0A04A418F87D}.Release|Any CPU.ActiveCfg = Release|Any CPU
		{5C61F11C-4DA9-4160-BBED-0A04A418F87D}.Release|Any CPU.Build.0 = Release|Any CPU
		{033AAD18-8062-43DC-8450-9D8C30975DC5}.Debug|Any CPU.ActiveCfg = Debug|Any CPU
		{033AAD18-8062-43DC-8450-9D8C30975DC5}.Debug|Any CPU.Build.0 = Debug|Any CPU
		{033AAD18-8062-43DC-8450-9D8C30975DC5}.Release|Any CPU.ActiveCfg = Release|Any CPU
		{033AAD18-8062-43DC-8450-9D8C30975DC5}.Release|Any CPU.Build.0 = Release|Any CPU
		{33398A31-AE21-4409-BD06-53246287FF7F}.Debug|Any CPU.ActiveCfg = Debug|Any CPU
		{33398A31-AE21-4409-BD06-53246287FF7F}.Debug|Any CPU.Build.0 = Debug|Any CPU
		{33398A31-AE21-4409-BD06-53246287FF7F}.Release|Any CPU.ActiveCfg = Release|Any CPU
		{33398A31-AE21-4409-BD06-53246287FF7F}.Release|Any CPU.Build.0 = Release|Any CPU
		{98C1FA4C-445D-4F9C-B73D-3D6BAD454BF4}.Debug|Any CPU.ActiveCfg = Debug|Any CPU
		{98C1FA4C-445D-4F9C-B73D-3D6BAD454BF4}.Debug|Any CPU.Build.0 = Debug|Any CPU
		{98C1FA4C-445D-4F9C-B73D-3D6BAD454BF4}.Release|Any CPU.ActiveCfg = Release|Any CPU
		{98C1FA4C-445D-4F9C-B73D-3D6BAD454BF4}.Release|Any CPU.Build.0 = Release|Any CPU
		{CE2C2D28-0895-42EB-86B5-C56234BA1D0C}.Debug|Any CPU.ActiveCfg = Debug|Any CPU
		{CE2C2D28-0895-42EB-86B5-C56234BA1D0C}.Debug|Any CPU.Build.0 = Debug|Any CPU
		{CE2C2D28-0895-42EB-86B5-C56234BA1D0C}.Release|Any CPU.ActiveCfg = Release|Any CPU
		{CE2C2D28-0895-42EB-86B5-C56234BA1D0C}.Release|Any CPU.Build.0 = Release|Any CPU
		{6DE41626-28C5-4317-A931-2D3522E47DB3}.Debug|Any CPU.ActiveCfg = Debug|Any CPU
		{6DE41626-28C5-4317-A931-2D3522E47DB3}.Debug|Any CPU.Build.0 = Debug|Any CPU
		{6DE41626-28C5-4317-A931-2D3522E47DB3}.Release|Any CPU.ActiveCfg = Release|Any CPU
		{6DE41626-28C5-4317-A931-2D3522E47DB3}.Release|Any CPU.Build.0 = Release|Any CPU
		{86495E1E-2BD6-4D54-88AF-7F9224A771DE}.Debug|Any CPU.ActiveCfg = Debug|Any CPU
		{86495E1E-2BD6-4D54-88AF-7F9224A771DE}.Debug|Any CPU.Build.0 = Debug|Any CPU
		{86495E1E-2BD6-4D54-88AF-7F9224A771DE}.Release|Any CPU.ActiveCfg = Release|Any CPU
		{86495E1E-2BD6-4D54-88AF-7F9224A771DE}.Release|Any CPU.Build.0 = Release|Any CPU
		{31A6BA19-CCD3-4690-A828-12BAA262F84C}.Debug|Any CPU.ActiveCfg = Debug|Any CPU
		{31A6BA19-CCD3-4690-A828-12BAA262F84C}.Debug|Any CPU.Build.0 = Debug|Any CPU
		{31A6BA19-CCD3-4690-A828-12BAA262F84C}.Release|Any CPU.ActiveCfg = Release|Any CPU
		{31A6BA19-CCD3-4690-A828-12BAA262F84C}.Release|Any CPU.Build.0 = Release|Any CPU
		{6FCA4D4C-2976-498E-976E-68F6D1F9D947}.Debug|Any CPU.ActiveCfg = Debug|Any CPU
		{6FCA4D4C-2976-498E-976E-68F6D1F9D947}.Debug|Any CPU.Build.0 = Debug|Any CPU
		{6FCA4D4C-2976-498E-976E-68F6D1F9D947}.Release|Any CPU.ActiveCfg = Release|Any CPU
		{6FCA4D4C-2976-498E-976E-68F6D1F9D947}.Release|Any CPU.Build.0 = Release|Any CPU
		{5689DEDD-A95D-46B3-B091-4B74BD4D22F7}.Debug|Any CPU.ActiveCfg = Debug|Any CPU
		{5689DEDD-A95D-46B3-B091-4B74BD4D22F7}.Debug|Any CPU.Build.0 = Debug|Any CPU
		{5689DEDD-A95D-46B3-B091-4B74BD4D22F7}.Release|Any CPU.ActiveCfg = Release|Any CPU
		{5689DEDD-A95D-46B3-B091-4B74BD4D22F7}.Release|Any CPU.Build.0 = Release|Any CPU
		{44B74FA9-DB09-41FC-AEA5-33BFBF15A563}.Debug|Any CPU.ActiveCfg = Debug|Any CPU
		{44B74FA9-DB09-41FC-AEA5-33BFBF15A563}.Debug|Any CPU.Build.0 = Debug|Any CPU
		{44B74FA9-DB09-41FC-AEA5-33BFBF15A563}.Release|Any CPU.ActiveCfg = Release|Any CPU
		{44B74FA9-DB09-41FC-AEA5-33BFBF15A563}.Release|Any CPU.Build.0 = Release|Any CPU
		{68D1A2BB-4B62-40F4-8FCC-25131DD534E7}.Debug|Any CPU.ActiveCfg = Debug|Any CPU
		{68D1A2BB-4B62-40F4-8FCC-25131DD534E7}.Debug|Any CPU.Build.0 = Debug|Any CPU
		{68D1A2BB-4B62-40F4-8FCC-25131DD534E7}.Release|Any CPU.ActiveCfg = Release|Any CPU
		{68D1A2BB-4B62-40F4-8FCC-25131DD534E7}.Release|Any CPU.Build.0 = Release|Any CPU
		{132D624E-7087-41CF-8F36-EB648AE22D9B}.Debug|Any CPU.ActiveCfg = Debug|Any CPU
		{132D624E-7087-41CF-8F36-EB648AE22D9B}.Debug|Any CPU.Build.0 = Debug|Any CPU
		{132D624E-7087-41CF-8F36-EB648AE22D9B}.Release|Any CPU.ActiveCfg = Release|Any CPU
		{132D624E-7087-41CF-8F36-EB648AE22D9B}.Release|Any CPU.Build.0 = Release|Any CPU
		{99D112CE-C4B0-47A9-AA45-D04A45622AB6}.Debug|Any CPU.ActiveCfg = Debug|Any CPU
		{99D112CE-C4B0-47A9-AA45-D04A45622AB6}.Debug|Any CPU.Build.0 = Debug|Any CPU
		{99D112CE-C4B0-47A9-AA45-D04A45622AB6}.Release|Any CPU.ActiveCfg = Release|Any CPU
		{99D112CE-C4B0-47A9-AA45-D04A45622AB6}.Release|Any CPU.Build.0 = Release|Any CPU
		{07812876-24A8-47BD-8D2C-086B248E06A3}.Debug|Any CPU.ActiveCfg = Debug|Any CPU
		{07812876-24A8-47BD-8D2C-086B248E06A3}.Debug|Any CPU.Build.0 = Debug|Any CPU
		{07812876-24A8-47BD-8D2C-086B248E06A3}.Release|Any CPU.ActiveCfg = Release|Any CPU
		{07812876-24A8-47BD-8D2C-086B248E06A3}.Release|Any CPU.Build.0 = Release|Any CPU
		{21B3BCC4-690F-4562-82FD-17DEDED0C4F8}.Debug|Any CPU.ActiveCfg = Debug|Any CPU
		{21B3BCC4-690F-4562-82FD-17DEDED0C4F8}.Debug|Any CPU.Build.0 = Debug|Any CPU
		{21B3BCC4-690F-4562-82FD-17DEDED0C4F8}.Release|Any CPU.ActiveCfg = Release|Any CPU
		{21B3BCC4-690F-4562-82FD-17DEDED0C4F8}.Release|Any CPU.Build.0 = Release|Any CPU
		{3E396761-2C97-4D37-B6FE-B71D5E1D6969}.Debug|Any CPU.ActiveCfg = Debug|Any CPU
		{3E396761-2C97-4D37-B6FE-B71D5E1D6969}.Debug|Any CPU.Build.0 = Debug|Any CPU
		{3E396761-2C97-4D37-B6FE-B71D5E1D6969}.Release|Any CPU.ActiveCfg = Release|Any CPU
		{3E396761-2C97-4D37-B6FE-B71D5E1D6969}.Release|Any CPU.Build.0 = Release|Any CPU
		{5DF3DC03-A3F3-4F07-842C-40D9485C8C68}.Debug|Any CPU.ActiveCfg = Debug|Any CPU
		{5DF3DC03-A3F3-4F07-842C-40D9485C8C68}.Debug|Any CPU.Build.0 = Debug|Any CPU
		{5DF3DC03-A3F3-4F07-842C-40D9485C8C68}.Release|Any CPU.ActiveCfg = Release|Any CPU
		{5DF3DC03-A3F3-4F07-842C-40D9485C8C68}.Release|Any CPU.Build.0 = Release|Any CPU
		{5446788E-2029-4EEF-B11C-D0DB47DDD0EE}.Debug|Any CPU.ActiveCfg = Debug|Any CPU
		{5446788E-2029-4EEF-B11C-D0DB47DDD0EE}.Debug|Any CPU.Build.0 = Debug|Any CPU
		{5446788E-2029-4EEF-B11C-D0DB47DDD0EE}.Release|Any CPU.ActiveCfg = Release|Any CPU
		{5446788E-2029-4EEF-B11C-D0DB47DDD0EE}.Release|Any CPU.Build.0 = Release|Any CPU
	EndGlobalSection
	GlobalSection(SolutionProperties) = preSolution
		HideSolutionNode = FALSE
	EndGlobalSection
	GlobalSection(NestedProjects) = preSolution
		{6A925452-E8C6-4212-B4A6-602E621A3952} = {DAD047E3-D5C5-4BD6-9ED1-BADE5367437F}
		{E1D28EB2-6343-4FD3-BB18-26FEAFE295F0} = {6A925452-E8C6-4212-B4A6-602E621A3952}
		{368C4D09-9038-4CA8-939C-1325385123F4} = {6A925452-E8C6-4212-B4A6-602E621A3952}
		{4E2D24D0-C32A-4C6A-A8EB-7411AE129162} = {6A925452-E8C6-4212-B4A6-602E621A3952}
		{8C7D47F8-E8F4-4C64-B443-4E4B50E1AE77} = {6A925452-E8C6-4212-B4A6-602E621A3952}
		{259A0A2C-51BB-4A7A-B24F-8A72491E2E1D} = {DAD047E3-D5C5-4BD6-9ED1-BADE5367437F}
		{E014000F-445F-42F2-A8F0-E6D2A51835EE} = {259A0A2C-51BB-4A7A-B24F-8A72491E2E1D}
		{B06587E2-2EAB-454E-A0BE-596CDF528FB7} = {259A0A2C-51BB-4A7A-B24F-8A72491E2E1D}
		{7F0D4075-BC2F-41E3-B3FE-890F30A180AF} = {259A0A2C-51BB-4A7A-B24F-8A72491E2E1D}
		{C1665CE9-1C82-4A5C-B31E-DE35DDCE8052} = {259A0A2C-51BB-4A7A-B24F-8A72491E2E1D}
		{48ACF4FB-63FA-4556-B60C-66EDAFBEA0CC} = {DAD047E3-D5C5-4BD6-9ED1-BADE5367437F}
		{617E12E4-117A-4601-BD39-76A7BAF32263} = {48ACF4FB-63FA-4556-B60C-66EDAFBEA0CC}
		{D16AC0BC-7397-42A6-9E22-17A3D5A6A188} = {48ACF4FB-63FA-4556-B60C-66EDAFBEA0CC}
		{5C61F11C-4DA9-4160-BBED-0A04A418F87D} = {48ACF4FB-63FA-4556-B60C-66EDAFBEA0CC}
		{033AAD18-8062-43DC-8450-9D8C30975DC5} = {48ACF4FB-63FA-4556-B60C-66EDAFBEA0CC}
		{43F717E6-0856-4202-8A96-448F0659B449} = {4E3AD50F-EEEA-4D14-BF39-D02BABCDF659}
		{33398A31-AE21-4409-BD06-53246287FF7F} = {43F717E6-0856-4202-8A96-448F0659B449}
		{98C1FA4C-445D-4F9C-B73D-3D6BAD454BF4} = {43F717E6-0856-4202-8A96-448F0659B449}
		{CE2C2D28-0895-42EB-86B5-C56234BA1D0C} = {43F717E6-0856-4202-8A96-448F0659B449}
		{62429586-C2DE-4A3C-8474-B0A45E192172} = {4E3AD50F-EEEA-4D14-BF39-D02BABCDF659}
		{6DE41626-28C5-4317-A931-2D3522E47DB3} = {62429586-C2DE-4A3C-8474-B0A45E192172}
		{86495E1E-2BD6-4D54-88AF-7F9224A771DE} = {62429586-C2DE-4A3C-8474-B0A45E192172}
		{31A6BA19-CCD3-4690-A828-12BAA262F84C} = {62429586-C2DE-4A3C-8474-B0A45E192172}
		{6FCA4D4C-2976-498E-976E-68F6D1F9D947} = {62429586-C2DE-4A3C-8474-B0A45E192172}
		{1ED24E2B-3147-4F59-9AFB-7DE36CCBD8B6} = {DAD047E3-D5C5-4BD6-9ED1-BADE5367437F}
		{5689DEDD-A95D-46B3-B091-4B74BD4D22F7} = {1ED24E2B-3147-4F59-9AFB-7DE36CCBD8B6}
		{44B74FA9-DB09-41FC-AEA5-33BFBF15A563} = {1ED24E2B-3147-4F59-9AFB-7DE36CCBD8B6}
		{68D1A2BB-4B62-40F4-8FCC-25131DD534E7} = {1ED24E2B-3147-4F59-9AFB-7DE36CCBD8B6}
		{132D624E-7087-41CF-8F36-EB648AE22D9B} = {1ED24E2B-3147-4F59-9AFB-7DE36CCBD8B6}
		{EDF2A6F4-06D0-43C5-B355-FAEBE4486695} = {4E3AD50F-EEEA-4D14-BF39-D02BABCDF659}
		{99D112CE-C4B0-47A9-AA45-D04A45622AB6} = {EDF2A6F4-06D0-43C5-B355-FAEBE4486695}
		{07812876-24A8-47BD-8D2C-086B248E06A3} = {EDF2A6F4-06D0-43C5-B355-FAEBE4486695}
		{21B3BCC4-690F-4562-82FD-17DEDED0C4F8} = {EDF2A6F4-06D0-43C5-B355-FAEBE4486695}
		{3E396761-2C97-4D37-B6FE-B71D5E1D6969} = {EDF2A6F4-06D0-43C5-B355-FAEBE4486695}
		{5DF3DC03-A3F3-4F07-842C-40D9485C8C68} = {5BEC0EF9-35D9-4DC3-BAF9-69CF96F1DB32}
		{5446788E-2029-4EEF-B11C-D0DB47DDD0EE} = {43F717E6-0856-4202-8A96-448F0659B449}
	EndGlobalSection
EndGlobal
